
Microsoft Visual Studio Solution File, Format Version 12.00
# Visual Studio 15
VisualStudioVersion = 15.0.28307.106
MinimumVisualStudioVersion = 10.0.40219.1
Project("{8BC9CEB8-8B4A-11D0-8D11-00A0C91BC942}") = "TicTacToe", "TicTacToe\TicTacToe.vcxproj", "{BC0B12B5-1CFA-49EF-9895-6D997FDEFCCE}"
EndProject
Global
	GlobalSection(SolutionConfigurationPlatforms) = preSolution
		Debug|x64 = Debug|x64
		Debug|x86 = Debug|x86
		Release|x64 = Release|x64
		Release|x86 = Release|x86
	EndGlobalSection
	GlobalSection(ProjectConfigurationPlatforms) = postSolution
		{BC0B12B5-1CFA-49EF-9895-6D997FDEFCCE}.Debug|x64.ActiveCfg = Debug|x64
		{BC0B12B5-1CFA-49EF-9895-6D997FDEFCCE}.Debug|x64.Build.0 = Debug|x64
		{BC0B12B5-1CFA-49EF-9895-6D997FDEFCCE}.Debug|x86.ActiveCfg = Debug|Win32
		{BC0B12B5-1CFA-49EF-9895-6D997FDEFCCE}.Debug|x86.Build.0 = Debug|Win32
		{BC0B12B5-1CFA-49EF-9895-6D997FDEFCCE}.Release|x64.ActiveCfg = Release|x64
		{BC0B12B5-1CFA-49EF-9895-6D997FDEFCCE}.Release|x64.Build.0 = Release|x64
		{BC0B12B5-1CFA-49EF-9895-6D997FDEFCCE}.Release|x86.ActiveCfg = Release|Win32
		{BC0B12B5-1CFA-49EF-9895-6D997FDEFCCE}.Release|x86.Build.0 = Release|Win32
	EndGlobalSection
	GlobalSection(SolutionProperties) = preSolution
		HideSolutionNode = FALSE
	EndGlobalSection
	GlobalSection(ExtensibilityGlobals) = postSolution
		SolutionGuid = {A6942EAD-B34F-466A-8EB4-D3ED8D93AD58}
	EndGlobalSection
EndGlobal
