
Microsoft Visual Studio Solution File, Format Version 12.00
# Visual Studio 15
VisualStudioVersion = 15.0.28307.106
MinimumVisualStudioVersion = 10.0.40219.1
Project("{FAE04EC0-301F-11D3-BF4B-00C04F79EFBC}") = "PrintArray_Array", "PrintArray_Array\PrintArray_Array.csproj", "{879C04F5-41C1-4364-A51C-43F9F10D660A}"
EndProject
Global
	GlobalSection(SolutionConfigurationPlatforms) = preSolution
		Debug|Any CPU = Debug|Any CPU
		Release|Any CPU = Release|Any CPU
	EndGlobalSection
	GlobalSection(ProjectConfigurationPlatforms) = postSolution
		{879C04F5-41C1-4364-A51C-43F9F10D660A}.Debug|Any CPU.ActiveCfg = Debug|Any CPU
		{879C04F5-41C1-4364-A51C-43F9F10D660A}.Debug|Any CPU.Build.0 = Debug|Any CPU
		{879C04F5-41C1-4364-A51C-43F9F10D660A}.Release|Any CPU.ActiveCfg = Release|Any CPU
		{879C04F5-41C1-4364-A51C-43F9F10D660A}.Release|Any CPU.Build.0 = Release|Any CPU
	EndGlobalSection
	GlobalSection(SolutionProperties) = preSolution
		HideSolutionNode = FALSE
	EndGlobalSection
	GlobalSection(ExtensibilityGlobals) = postSolution
		SolutionGuid = {A9CE8234-BEB4-4038-9D17-6547ACC8396B}
	EndGlobalSection
EndGlobal
