
Microsoft Visual Studio Solution File, Format Version 12.00
# Visual Studio 15
VisualStudioVersion = 15.0.28307.106
MinimumVisualStudioVersion = 10.0.40219.1
Project("{FAE04EC0-301F-11D3-BF4B-00C04F79EFBC}") = "Practice3", "Practice3\Practice3.csproj", "{8527A19D-DDD2-456A-8268-4DD71BD95108}"
EndProject
Global
	GlobalSection(SolutionConfigurationPlatforms) = preSolution
		Debug|Any CPU = Debug|Any CPU
		Release|Any CPU = Release|Any CPU
	EndGlobalSection
	GlobalSection(ProjectConfigurationPlatforms) = postSolution
		{8527A19D-DDD2-456A-8268-4DD71BD95108}.Debug|Any CPU.ActiveCfg = Debug|Any CPU
		{8527A19D-DDD2-456A-8268-4DD71BD95108}.Debug|Any CPU.Build.0 = Debug|Any CPU
		{8527A19D-DDD2-456A-8268-4DD71BD95108}.Release|Any CPU.ActiveCfg = Release|Any CPU
		{8527A19D-DDD2-456A-8268-4DD71BD95108}.Release|Any CPU.Build.0 = Release|Any CPU
	EndGlobalSection
	GlobalSection(SolutionProperties) = preSolution
		HideSolutionNode = FALSE
	EndGlobalSection
	GlobalSection(ExtensibilityGlobals) = postSolution
		SolutionGuid = {2B575EB1-751D-4177-AC2F-C2841C673F77}
	EndGlobalSection
EndGlobal
