
Microsoft Visual Studio Solution File, Format Version 12.00
# Visual Studio 15
VisualStudioVersion = 15.0.28307.106
MinimumVisualStudioVersion = 10.0.40219.1
Project("{FAE04EC0-301F-11D3-BF4B-00C04F79EFBC}") = "Ray", "Ray\Ray.csproj", "{34CE286B-D742-4EEF-8017-5E66320F113F}"
EndProject
Global
	GlobalSection(SolutionConfigurationPlatforms) = preSolution
		Debug|Any CPU = Debug|Any CPU
		Release|Any CPU = Release|Any CPU
	EndGlobalSection
	GlobalSection(ProjectConfigurationPlatforms) = postSolution
		{34CE286B-D742-4EEF-8017-5E66320F113F}.Debug|Any CPU.ActiveCfg = Debug|Any CPU
		{34CE286B-D742-4EEF-8017-5E66320F113F}.Debug|Any CPU.Build.0 = Debug|Any CPU
		{34CE286B-D742-4EEF-8017-5E66320F113F}.Release|Any CPU.ActiveCfg = Release|Any CPU
		{34CE286B-D742-4EEF-8017-5E66320F113F}.Release|Any CPU.Build.0 = Release|Any CPU
	EndGlobalSection
	GlobalSection(SolutionProperties) = preSolution
		HideSolutionNode = FALSE
	EndGlobalSection
	GlobalSection(ExtensibilityGlobals) = postSolution
		SolutionGuid = {C7161928-3BD6-47E5-99F6-15384ECD0A6A}
	EndGlobalSection
EndGlobal
