
Microsoft Visual Studio Solution File, Format Version 12.00
# Visual Studio 15
VisualStudioVersion = 15.0.28307.106
MinimumVisualStudioVersion = 10.0.40219.1
Project("{FAE04EC0-301F-11D3-BF4B-00C04F79EFBC}") = "ConsoleApp5", "ConsoleApp5\ConsoleApp5.csproj", "{4CF0E846-99B9-41A2-8616-CF027C2A2DCB}"
EndProject
Global
	GlobalSection(SolutionConfigurationPlatforms) = preSolution
		Debug|Any CPU = Debug|Any CPU
		Release|Any CPU = Release|Any CPU
	EndGlobalSection
	GlobalSection(ProjectConfigurationPlatforms) = postSolution
		{4CF0E846-99B9-41A2-8616-CF027C2A2DCB}.Debug|Any CPU.ActiveCfg = Debug|Any CPU
		{4CF0E846-99B9-41A2-8616-CF027C2A2DCB}.Debug|Any CPU.Build.0 = Debug|Any CPU
		{4CF0E846-99B9-41A2-8616-CF027C2A2DCB}.Release|Any CPU.ActiveCfg = Release|Any CPU
		{4CF0E846-99B9-41A2-8616-CF027C2A2DCB}.Release|Any CPU.Build.0 = Release|Any CPU
	EndGlobalSection
	GlobalSection(SolutionProperties) = preSolution
		HideSolutionNode = FALSE
	EndGlobalSection
	GlobalSection(ExtensibilityGlobals) = postSolution
		SolutionGuid = {02B40912-5249-47AD-8970-8B7D3D66B1DB}
	EndGlobalSection
EndGlobal
